
Microsoft Visual Studio Solution File, Format Version 12.00
# Visual Studio Version 17
VisualStudioVersion = 17.7.34221.43
MinimumVisualStudioVersion = 10.0.40219.1
Project("{FAE04EC0-301F-11D3-BF4B-00C04F79EFBC}") = "HandlingExtinguishers", "HandlingExtinguishers\HandlingExtinguishers.csproj", "{561B71DB-118F-428E-BFF0-77A536156D25}"
EndProject
Project("{FAE04EC0-301F-11D3-BF4B-00C04F79EFBC}") = "HandlingExtinguishers.Contracs", "HandlingExtinguishers.Contracs\HandlingExtinguishers.Contracs.csproj", "{BAE65F56-A990-4ADF-A843-D04B3D4C8E5C}"
EndProject
Project("{FAE04EC0-301F-11D3-BF4B-00C04F79EFBC}") = "HandlingExtinguishers.Models", "HandlingExtinguishers.Models\HandlingExtinguishers.Models.csproj", "{FB5DA3F3-E258-4080-A3FE-FC73559579A8}"
EndProject
Project("{FAE04EC0-301F-11D3-BF4B-00C04F79EFBC}") = "HandlingExtinguishers.Infraestructure", "HandlingExtinguishers.Infraestructure\HandlingExtinguishers.Infraestructure.csproj", "{262D665F-3054-4049-A454-DD49ACF186A1}"
EndProject
Project("{FAE04EC0-301F-11D3-BF4B-00C04F79EFBC}") = "HandlingExtinguishers.Core", "HandlingExtinguishers.Core\HandlingExtinguishers.Core.csproj", "{BEFE876F-B245-453F-A24A-7B87C0D60906}"
EndProject
Global
	GlobalSection(SolutionConfigurationPlatforms) = preSolution
		Debug|Any CPU = Debug|Any CPU
		Release|Any CPU = Release|Any CPU
	EndGlobalSection
	GlobalSection(ProjectConfigurationPlatforms) = postSolution
		{561B71DB-118F-428E-BFF0-77A536156D25}.Debug|Any CPU.ActiveCfg = Debug|Any CPU
		{561B71DB-118F-428E-BFF0-77A536156D25}.Debug|Any CPU.Build.0 = Debug|Any CPU
		{561B71DB-118F-428E-BFF0-77A536156D25}.Release|Any CPU.ActiveCfg = Release|Any CPU
		{561B71DB-118F-428E-BFF0-77A536156D25}.Release|Any CPU.Build.0 = Release|Any CPU
		{BAE65F56-A990-4ADF-A843-D04B3D4C8E5C}.Debug|Any CPU.ActiveCfg = Debug|Any CPU
		{BAE65F56-A990-4ADF-A843-D04B3D4C8E5C}.Debug|Any CPU.Build.0 = Debug|Any CPU
		{BAE65F56-A990-4ADF-A843-D04B3D4C8E5C}.Release|Any CPU.ActiveCfg = Release|Any CPU
		{BAE65F56-A990-4ADF-A843-D04B3D4C8E5C}.Release|Any CPU.Build.0 = Release|Any CPU
		{FB5DA3F3-E258-4080-A3FE-FC73559579A8}.Debug|Any CPU.ActiveCfg = Debug|Any CPU
		{FB5DA3F3-E258-4080-A3FE-FC73559579A8}.Debug|Any CPU.Build.0 = Debug|Any CPU
		{FB5DA3F3-E258-4080-A3FE-FC73559579A8}.Release|Any CPU.ActiveCfg = Release|Any CPU
		{FB5DA3F3-E258-4080-A3FE-FC73559579A8}.Release|Any CPU.Build.0 = Release|Any CPU
		{262D665F-3054-4049-A454-DD49ACF186A1}.Debug|Any CPU.ActiveCfg = Debug|Any CPU
		{262D665F-3054-4049-A454-DD49ACF186A1}.Debug|Any CPU.Build.0 = Debug|Any CPU
		{262D665F-3054-4049-A454-DD49ACF186A1}.Release|Any CPU.ActiveCfg = Release|Any CPU
		{262D665F-3054-4049-A454-DD49ACF186A1}.Release|Any CPU.Build.0 = Release|Any CPU
		{BEFE876F-B245-453F-A24A-7B87C0D60906}.Debug|Any CPU.ActiveCfg = Debug|Any CPU
		{BEFE876F-B245-453F-A24A-7B87C0D60906}.Debug|Any CPU.Build.0 = Debug|Any CPU
		{BEFE876F-B245-453F-A24A-7B87C0D60906}.Release|Any CPU.ActiveCfg = Release|Any CPU
		{BEFE876F-B245-453F-A24A-7B87C0D60906}.Release|Any CPU.Build.0 = Release|Any CPU
	EndGlobalSection
	GlobalSection(SolutionProperties) = preSolution
		HideSolutionNode = FALSE
	EndGlobalSection
	GlobalSection(ExtensibilityGlobals) = postSolution
		SolutionGuid = {AB77D23F-4FB4-4DBB-A82A-81020C2B4BB0}
	EndGlobalSection
EndGlobal
